version = 1
revision = 3
requires-python = ">=3.14"

[[package]]
name = "lefthook"
version = "2.1.10"
source = { registry = "https://pypi.org/simple" }
wheels = [
    { url = "https://files.pythonhosted.org/packages/f2/a7/ff54e6b498de6daa9ca5f02e77f943923924ae6aa2d0babc0334507bd0e2/lefthook-2.1.10-py3-none-macosx_10_15_x86_64.whl", hash = "sha256:8ae438e6a6a2984e7f7e1eef43ae08a5a1f99999a75f911f52e33106f1b198ff", size = 5424203, upload-time = "2026-07-08T12:03:27.993Z" },
    { url = "https://files.pythonhosted.org/packages/93/1d/12274ace64319fe26ed6f394dae463ceae24f504d751d84072cb3bfdbacf/lefthook-2.1.10-py3-none-macosx_11_0_arm64.whl", hash = "sha256:9f468de23f627837ee822beea57473c3ed541fc8bf82b030a3247d773a192b4f", size = 4946329, upload-time = "2026-07-08T12:03:29.912Z" },
    { url = "https://files.pythonhosted.org/packages/fc/3f/cbd5bcf3d481a8ffda0378b6e90bca3c85f060c085e16002837ceeab56b6/lefthook-2.1.10-py3-none-manylinux_2_17_aarch64.whl", hash = "sha256:115c6b4ba6dd12dc18d8661c61992d46dcfab1e0528f16b6a90664c4fe60c376", size = 4776557, upload-time = "2026-07-08T12:03:31.437Z" },
    { url = "https://files.pythonhosted.org/packages/0d/52/54798a744c4d656ba39ed5f0e6ccb8a81c6a4c15a3e1448978a40aefd713/lefthook-2.1.10-py3-none-manylinux_2_17_x86_64.whl", hash = "sha256:a635411b4e9263154fd5a64a81df28c628d625ab18c7f071df90e7006d0de748", size = 5356418, upload-time = "2026-07-08T12:03:33.827Z" },
    { url = "https://files.pythonhosted.org/packages/11/b9/fb10fab6e854e97ed2af8c906ff90b706e850f17d245c6cde59c076e4066/lefthook-2.1.10-py3-none-win_amd64.whl", hash = "sha256:7385e234f14ab65bcaa84ebe7ba6d6b1dafe36be6ad5a9dd852e5add6f1e701e", size = 5506468, upload-time = "2026-07-08T12:03:35.826Z" },
    { url = "https://files.pythonhosted.org/packages/77/01/054a0a18154dd8127276398a82d9797dd5534ebeeb1d8d61a9b19e6a8ef0/lefthook-2.1.10-py3-none-win_arm64.whl", hash = "sha256:be7b59b9e3483f62a217a632cb4177eaa3f75229916450bd12b99b608c51439d", size = 4858134, upload-time = "2026-07-08T12:03:37.421Z" },
]

[[package]]
name = "sarj-python-lint"
version = "0.27.0"
source = { editable = "." }

[package.dev-dependencies]
hooks = [
    { name = "lefthook" },
]

[package.metadata]

[package.metadata.requires-dev]
hooks = [{ name = "lefthook", specifier = "==2.1.10" }]
